// !$*UTF8*$!
{
	archiveVersion = 1;
	classes = {
	};
	objectVersion = 48;
	objects = {

/* Begin PBXBuildFile section */
		14F4DEC220E2B9DC00F23B73 /* AppDelegate.swift in Sources */ = {isa = PBXBuildFile; fileRef = 14F4DEC120E2B9DC00F23B73 /* AppDelegate.swift */; };
		14F4DEC420E2B9DC00F23B73 /* ViewController.swift in Sources */ = {isa = PBXBuildFile; fileRef = 14F4DEC320E2B9DC00F23B73 /* ViewController.swift */; };
		14F4DEC720E2B9DC00F23B73 /* Main.storyboard in Resources */ = {isa = PBXBuildFile; fileRef = 14F4DEC520E2B9DC00F23B73 /* Main.storyboard */; };
		14F4DECA20E2B9DC00F23B73 /* KreativeTest.xcdatamodeld in Sources */ = {isa = PBXBuildFile; fileRef = 14F4DEC820E2B9DC00F23B73 /* KreativeTest.xcdatamodeld */; };
		14F4DECC20E2B9DC00F23B73 /* Assets.xcassets in Resources */ = {isa = PBXBuildFile; fileRef = 14F4DECB20E2B9DC00F23B73 /* Assets.xcassets */; };
		14F4DECF20E2B9DC00F23B73 /* LaunchScreen.storyboard in Resources */ = {isa = PBXBuildFile; fileRef = 14F4DECD20E2B9DC00F23B73 /* LaunchScreen.storyboard */; };
		14F4DEDA20E2B9DC00F23B73 /* KreativeTestTests.swift in Sources */ = {isa = PBXBuildFile; fileRef = 14F4DED920E2B9DC00F23B73 /* KreativeTestTests.swift */; };
		7199994B0D1D2A5C65271F65 /* Pods_KreativeTest.framework in Frameworks */ = {isa = PBXBuildFile; fileRef = 3609FBA03C32B2DB50D1C863 /* Pods_KreativeTest.framework */; };
/* End PBXBuildFile section */

/* Begin PBXContainerItemProxy section */
		14F4DED620E2B9DC00F23B73 /* PBXContainerItemProxy */ = {
			isa = PBXContainerItemProxy;
			containerPortal = 14F4DEB620E2B9DC00F23B73 /* Project object */;
			proxyType = 1;
			remoteGlobalIDString = 14F4DEBD20E2B9DC00F23B73;
			remoteInfo = KreativeTest;
		};
/* End PBXContainerItemProxy section */

/* Begin PBXFileReference section */
		14F4DEBE20E2B9DC00F23B73 /* KreativeTest.app */ = {isa = PBXFileReference; explicitFileType = wrapper.application; includeInIndex = 0; path = KreativeTest.app; sourceTree = BUILT_PRODUCTS_DIR; };
		14F4DEC120E2B9DC00F23B73 /* AppDelegate.swift */ = {isa = PBXFileReference; lastKnownFileType = sourcecode.swift; path = AppDelegate.swift; sourceTree = "<group>"; };
		14F4DEC320E2B9DC00F23B73 /* ViewController.swift */ = {isa = PBXFileReference; lastKnownFileType = sourcecode.swift; path = ViewController.swift; sourceTree = "<group>"; };
		14F4DEC620E2B9DC00F23B73 /* Base */ = {isa = PBXFileReference; lastKnownFileType = file.storyboard; name = Base; path = Base.lproj/Main.storyboard; sourceTree = "<group>"; };
		14F4DEC920E2B9DC00F23B73 /* KreativeTest.xcdatamodel */ = {isa = PBXFileReference; lastKnownFileType = wrapper.xcdatamodel; path = KreativeTest.xcdatamodel; sourceTree = "<group>"; };
		14F4DECB20E2B9DC00F23B73 /* Assets.xcassets */ = {isa = PBXFileReference; lastKnownFileType = folder.assetcatalog; path = Assets.xcassets; sourceTree = "<group>"; };
		14F4DECE20E2B9DC00F23B73 /* Base */ = {isa = PBXFileReference; lastKnownFileType = file.storyboard; name = Base; path = Base.lproj/LaunchScreen.storyboard; sourceTree = "<group>"; };
		14F4DED020E2B9DC00F23B73 /* Info.plist */ = {isa = PBXFileReference; lastKnownFileType = text.plist.xml; path = Info.plist; sourceTree = "<group>"; };
		14F4DED520E2B9DC00F23B73 /* KreativeTestTests.xctest */ = {isa = PBXFileReference; explicitFileType = wrapper.cfbundle; includeInIndex = 0; path = KreativeTestTests.xctest; sourceTree = BUILT_PRODUCTS_DIR; };
		14F4DED920E2B9DC00F23B73 /* KreativeTestTests.swift */ = {isa = PBXFileReference; lastKnownFileType = sourcecode.swift; path = KreativeTestTests.swift; sourceTree = "<group>"; };
		14F4DEDB20E2B9DC00F23B73 /* Info.plist */ = {isa = PBXFileReference; lastKnownFileType = text.plist.xml; path = Info.plist; sourceTree = "<group>"; };
		2EDE49C4970EAB49BFA6CF04 /* Pods-KreativeTest.debug.xcconfig */ = {isa = PBXFileReference; includeInIndex = 1; lastKnownFileType = text.xcconfig; name = "Pods-KreativeTest.debug.xcconfig"; path = "Pods/Target Support Files/Pods-KreativeTest/Pods-KreativeTest.debug.xcconfig"; sourceTree = "<group>"; };
		3609FBA03C32B2DB50D1C863 /* Pods_KreativeTest.framework */ = {isa = PBXFileReference; explicitFileType = wrapper.framework; includeInIndex = 0; path = Pods_KreativeTest.framework; sourceTree = BUILT_PRODUCTS_DIR; };
		93694AD2CCBBF0864EB082AE /* Pods-KreativeTest.release.xcconfig */ = {isa = PBXFileReference; includeInIndex = 1; lastKnownFileType = text.xcconfig; name = "Pods-KreativeTest.release.xcconfig"; path = "Pods/Target Support Files/Pods-KreativeTest/Pods-KreativeTest.release.xcconfig"; sourceTree = "<group>"; };
/* End PBXFileReference section */

/* Begin PBXFrameworksBuildPhase section */
		14F4DEBB20E2B9DC00F23B73 /* Frameworks */ = {
			isa = PBXFrameworksBuildPhase;
			buildActionMask = 2147483647;
			files = (
				7199994B0D1D2A5C65271F65 /* Pods_KreativeTest.framework in Frameworks */,
			);
			runOnlyForDeploymentPostprocessing = 0;
		};
		14F4DED220E2B9DC00F23B73 /* Frameworks */ = {
			isa = PBXFrameworksBuildPhase;
			buildActionMask = 2147483647;
			files = (
			);
			runOnlyForDeploymentPostprocessing = 0;
		};
/* End PBXFrameworksBuildPhase section */

/* Begin PBXGroup section */
		14F4DEB520E2B9DC00F23B73 = {
			isa = PBXGroup;
			children = (
				14F4DEC020E2B9DC00F23B73 /* KreativeTest */,
				14F4DED820E2B9DC00F23B73 /* KreativeTestTests */,
				14F4DEBF20E2B9DC00F23B73 /* Products */,
				5563519FB77043726305A076 /* Pods */,
				D4CA251053B6D780D523262A /* Frameworks */,
			);
			sourceTree = "<group>";
		};
		14F4DEBF20E2B9DC00F23B73 /* Products */ = {
			isa = PBXGroup;
			children = (
				14F4DEBE20E2B9DC00F23B73 /* KreativeTest.app */,
				14F4DED520E2B9DC00F23B73 /* KreativeTestTests.xctest */,
			);
			name = Products;
			sourceTree = "<group>";
		};
		14F4DEC020E2B9DC00F23B73 /* KreativeTest */ = {
			isa = PBXGroup;
			children = (
				14F4DEC120E2B9DC00F23B73 /* AppDelegate.swift */,
				14F4DEC320E2B9DC00F23B73 /* ViewController.swift */,
				14F4DEC520E2B9DC00F23B73 /* Main.storyboard */,
				14F4DECB20E2B9DC00F23B73 /* Assets.xcassets */,
				14F4DECD20E2B9DC00F23B73 /* LaunchScreen.storyboard */,
				14F4DED020E2B9DC00F23B73 /* Info.plist */,
				14F4DEC820E2B9DC00F23B73 /* KreativeTest.xcdatamodeld */,
			);
			path = KreativeTest;
			sourceTree = "<group>";
		};
		14F4DED820E2B9DC00F23B73 /* KreativeTestTests */ = {
			isa = PBXGroup;
			children = (
				14F4DED920E2B9DC00F23B73 /* KreativeTestTests.swift */,
				14F4DEDB20E2B9DC00F23B73 /* Info.plist */,
			);
			path = KreativeTestTests;
			sourceTree = "<group>";
		};
		5563519FB77043726305A076 /* Pods */ = {
			isa = PBXGroup;
			children = (
				2EDE49C4970EAB49BFA6CF04 /* Pods-KreativeTest.debug.xcconfig */,
				93694AD2CCBBF0864EB082AE /* Pods-KreativeTest.release.xcconfig */,
			);
			name = Pods;
			sourceTree = "<group>";
		};
		D4CA251053B6D780D523262A /* Frameworks */ = {
			isa = PBXGroup;
			children = (
				3609FBA03C32B2DB50D1C863 /* Pods_KreativeTest.framework */,
			);
			name = Frameworks;
			sourceTree = "<group>";
		};
/* End PBXGroup section */

/* Begin PBXNativeTarget section */
		14F4DEBD20E2B9DC00F23B73 /* KreativeTest */ = {
			isa = PBXNativeTarget;
			buildConfigurationList = 14F4DEDE20E2B9DC00F23B73 /* Build configuration list for PBXNativeTarget "KreativeTest" */;
			buildPhases = (
				5C381C7A6E911056E5ACADE4 /* [CP] Check Pods Manifest.lock */,
				14F4DEBA20E2B9DC00F23B73 /* Sources */,
				14F4DEBB20E2B9DC00F23B73 /* Frameworks */,
				14F4DEBC20E2B9DC00F23B73 /* Resources */,
				490E768DC28D4E8BA9AE1FEA /* [CP] Embed Pods Frameworks */,
				CE7919C32128D63F0B4C72D6 /* [CP] Copy Pods Resources */,
			);
			buildRules = (
			);
			dependencies = (
			);
			name = KreativeTest;
			productName = KreativeTest;
			productReference = 14F4DEBE20E2B9DC00F23B73 /* KreativeTest.app */;
			productType = "com.apple.product-type.application";
		};
		14F4DED420E2B9DC00F23B73 /* KreativeTestTests */ = {
			isa = PBXNativeTarget;
			buildConfigurationList = 14F4DEE120E2B9DC00F23B73 /* Build configuration list for PBXNativeTarget "KreativeTestTests" */;
			buildPhases = (
				14F4DED120E2B9DC00F23B73 /* Sources */,
				14F4DED220E2B9DC00F23B73 /* Frameworks */,
				14F4DED320E2B9DC00F23B73 /* Resources */,
			);
			buildRules = (
			);
			dependencies = (
				14F4DED720E2B9DC00F23B73 /* PBXTargetDependency */,
			);
			name = KreativeTestTests;
			productName = KreativeTestTests;
			productReference = 14F4DED520E2B9DC00F23B73 /* KreativeTestTests.xctest */;
			productType = "com.apple.product-type.bundle.unit-test";
		};
/* End PBXNativeTarget section */

/* Begin PBXProject section */
		14F4DEB620E2B9DC00F23B73 /* Project object */ = {
			isa = PBXProject;
			attributes = {
				LastSwiftUpdateCheck = 0920;
				LastUpgradeCheck = 0920;
				ORGANIZATIONNAME = thejus;
				TargetAttributes = {
					14F4DEBD20E2B9DC00F23B73 = {
						CreatedOnToolsVersion = 9.2;
						ProvisioningStyle = Automatic;
					};
					14F4DED420E2B9DC00F23B73 = {
						CreatedOnToolsVersion = 9.2;
						ProvisioningStyle = Automatic;
						TestTargetID = 14F4DEBD20E2B9DC00F23B73;
					};
				};
			};
			buildConfigurationList = 14F4DEB920E2B9DC00F23B73 /* Build configuration list for PBXProject "KreativeTest" */;
			compatibilityVersion = "Xcode 8.0";
			developmentRegion = en;
			hasScannedForEncodings = 0;
			knownRegions = (
				en,
				Base,
			);
			mainGroup = 14F4DEB520E2B9DC00F23B73;
			productRefGroup = 14F4DEBF20E2B9DC00F23B73 /* Products */;
			projectDirPath = "";
			projectRoot = "";
			targets = (
				14F4DEBD20E2B9DC00F23B73 /* KreativeTest */,
				14F4DED420E2B9DC00F23B73 /* KreativeTestTests */,
			);
		};
/* End PBXProject section */

/* Begin PBXResourcesBuildPhase section */
		14F4DEBC20E2B9DC00F23B73 /* Resources */ = {
			isa = PBXResourcesBuildPhase;
			buildActionMask = 2147483647;
			files = (
				14F4DECF20E2B9DC00F23B73 /* LaunchScreen.storyboard in Resources */,
				14F4DECC20E2B9DC00F23B73 /* Assets.xcassets in Resources */,
				14F4DEC720E2B9DC00F23B73 /* Main.storyboard in Resources */,
			);
			runOnlyForDeploymentPostprocessing = 0;
		};
		14F4DED320E2B9DC00F23B73 /* Resources */ = {
			isa = PBXResourcesBuildPhase;
			buildActionMask = 2147483647;
			files = (
			);
			runOnlyForDeploymentPostprocessing = 0;
		};
/* End PBXResourcesBuildPhase section */

/* Begin PBXShellScriptBuildPhase section */
		490E768DC28D4E8BA9AE1FEA /* [CP] Embed Pods Frameworks */ = {
			isa = PBXShellScriptBuildPhase;
			buildActionMask = 2147483647;
			files = (
			);
			inputPaths = (
				"${SRCROOT}/Pods/Target Support Files/Pods-KreativeTest/Pods-KreativeTest-frameworks.sh",
				"${BUILT_PRODUCTS_DIR}/Alamofire/Alamofire.framework",
				"${BUILT_PRODUCTS_DIR}/IQKeyboardManagerSwift/IQKeyboardManagerSwift.framework",
				"${BUILT_PRODUCTS_DIR}/NVActivityIndicatorView/NVActivityIndicatorView.framework",
				"${BUILT_PRODUCTS_DIR}/ObjectMapper/ObjectMapper.framework",
				"${BUILT_PRODUCTS_DIR}/SCLAlertView/SCLAlertView.framework",
				"${BUILT_PRODUCTS_DIR}/SDWebImage/SDWebImage.framework",
				"${BUILT_PRODUCTS_DIR}/SwiftyJSON/SwiftyJSON.framework",
			);
			name = "[CP] Embed Pods Frameworks";
			outputPaths = (
				"${TARGET_BUILD_DIR}/${FRAMEWORKS_FOLDER_PATH}/Alamofire.framework",
				"${TARGET_BUILD_DIR}/${FRAMEWORKS_FOLDER_PATH}/IQKeyboardManagerSwift.framework",
				"${TARGET_BUILD_DIR}/${FRAMEWORKS_FOLDER_PATH}/NVActivityIndicatorView.framework",
				"${TARGET_BUILD_DIR}/${FRAMEWORKS_FOLDER_PATH}/ObjectMapper.framework",
				"${TARGET_BUILD_DIR}/${FRAMEWORKS_FOLDER_PATH}/SCLAlertView.framework",
				"${TARGET_BUILD_DIR}/${FRAMEWORKS_FOLDER_PATH}/SDWebImage.framework",
				"${TARGET_BUILD_DIR}/${FRAMEWORKS_FOLDER_PATH}/SwiftyJSON.framework",
			);
			runOnlyForDeploymentPostprocessing = 0;
			shellPath = /bin/sh;
			shellScript = "\"${SRCROOT}/Pods/Target Support Files/Pods-KreativeTest/Pods-KreativeTest-frameworks.sh\"\n";
			showEnvVarsInLog = 0;
		};
		5C381C7A6E911056E5ACADE4 /* [CP] Check Pods Manifest.lock */ = {
			isa = PBXShellScriptBuildPhase;
			buildActionMask = 2147483647;
			files = (
			);
			inputPaths = (
				"${PODS_PODFILE_DIR_PATH}/Podfile.lock",
				"${PODS_ROOT}/Manifest.lock",
			);
			name = "[CP] Check Pods Manifest.lock";
			outputPaths = (
				"$(DERIVED_FILE_DIR)/Pods-KreativeTest-checkManifestLockResult.txt",
			);
			runOnlyForDeploymentPostprocessing = 0;
			shellPath = /bin/sh;
			shellScript = "diff \"${PODS_PODFILE_DIR_PATH}/Podfile.lock\" \"${PODS_ROOT}/Manifest.lock\" > /dev/null\nif [ $? != 0 ] ; then\n    # print error to STDERR\n    echo \"error: The sandbox is not in sync with the Podfile.lock. Run 'pod install' or update your CocoaPods installation.\" >&2\n    exit 1\nfi\n# This output is used by Xcode 'outputs' to avoid re-running this script phase.\necho \"SUCCESS\" > \"${SCRIPT_OUTPUT_FILE_0}\"\n";
			showEnvVarsInLog = 0;
		};
		CE7919C32128D63F0B4C72D6 /* [CP] Copy Pods Resources */ = {
			isa = PBXShellScriptBuildPhase;
			buildActionMask = 2147483647;
			files = (
			);
			inputPaths = (
			);
			name = "[CP] Copy Pods Resources";
			outputPaths = (
			);
			runOnlyForDeploymentPostprocessing = 0;
			shellPath = /bin/sh;
			shellScript = "\"${SRCROOT}/Pods/Target Support Files/Pods-KreativeTest/Pods-KreativeTest-resources.sh\"\n";
			showEnvVarsInLog = 0;
		};
/* End PBXShellScriptBuildPhase section */

/* Begin PBXSourcesBuildPhase section */
		14F4DEBA20E2B9DC00F23B73 /* Sources */ = {
			isa = PBXSourcesBuildPhase;
			buildActionMask = 2147483647;
			files = (
				14F4DEC420E2B9DC00F23B73 /* ViewController.swift in Sources */,
				14F4DECA20E2B9DC00F23B73 /* KreativeTest.xcdatamodeld in Sources */,
				14F4DEC220E2B9DC00F23B73 /* AppDelegate.swift in Sources */,
			);
			runOnlyForDeploymentPostprocessing = 0;
		};
		14F4DED120E2B9DC00F23B73 /* Sources */ = {
			isa = PBXSourcesBuildPhase;
			buildActionMask = 2147483647;
			files = (
				14F4DEDA20E2B9DC00F23B73 /* KreativeTestTests.swift in Sources */,
			);
			runOnlyForDeploymentPostprocessing = 0;
		};
/* End PBXSourcesBuildPhase section */

/* Begin PBXTargetDependency section */
		14F4DED720E2B9DC00F23B73 /* PBXTargetDependency */ = {
			isa = PBXTargetDependency;
			target = 14F4DEBD20E2B9DC00F23B73 /* KreativeTest */;
			targetProxy = 14F4DED620E2B9DC00F23B73 /* PBXContainerItemProxy */;
		};
/* End PBXTargetDependency section */

/* Begin PBXVariantGroup section */
		14F4DEC520E2B9DC00F23B73 /* Main.storyboard */ = {
			isa = PBXVariantGroup;
			children = (
				14F4DEC620E2B9DC00F23B73 /* Base */,
			);
			name = Main.storyboard;
			sourceTree = "<group>";
		};
		14F4DECD20E2B9DC00F23B73 /* LaunchScreen.storyboard */ = {
			isa = PBXVariantGroup;
			children = (
				14F4DECE20E2B9DC00F23B73 /* Base */,
			);
			name = LaunchScreen.storyboard;
			sourceTree = "<group>";
		};
/* End PBXVariantGroup section */

/* Begin XCBuildConfiguration section */
		14F4DEDC20E2B9DC00F23B73 /* Debug */ = {
			isa = XCBuildConfiguration;
			buildSettings = {
				ALWAYS_SEARCH_USER_PATHS = NO;
				CLANG_ANALYZER_NONNULL = YES;
				CLANG_ANALYZER_NUMBER_OBJECT_CONVERSION = YES_AGGRESSIVE;
				CLANG_CXX_LANGUAGE_STANDARD = "gnu++14";
				CLANG_CXX_LIBRARY = "libc++";
				CLANG_ENABLE_MODULES = YES;
				CLANG_ENABLE_OBJC_ARC = YES;
				CLANG_WARN_BLOCK_CAPTURE_AUTORELEASING = YES;
				CLANG_WARN_BOOL_CONVERSION = YES;
				CLANG_WARN_COMMA = YES;
				CLANG_WARN_CONSTANT_CONVERSION = YES;
				CLANG_WARN_DIRECT_OBJC_ISA_USAGE = YES_ERROR;
				CLANG_WARN_DOCUMENTATION_COMMENTS = YES;
				CLANG_WARN_EMPTY_BODY = YES;
				CLANG_WARN_ENUM_CONVERSION = YES;
				CLANG_WARN_INFINITE_RECURSION = YES;
				CLANG_WARN_INT_CONVERSION = YES;
				CLANG_WARN_NON_LITERAL_NULL_CONVERSION = YES;
				CLANG_WARN_OBJC_LITERAL_CONVERSION = YES;
				CLANG_WARN_OBJC_ROOT_CLASS = YES_ERROR;
				CLANG_WARN_RANGE_LOOP_ANALYSIS = YES;
				CLANG_WARN_STRICT_PROTOTYPES = YES;
				CLANG_WARN_SUSPICIOUS_MOVE = YES;
				CLANG_WARN_UNGUARDED_AVAILABILITY = YES_AGGRESSIVE;
				CLANG_WARN_UNREACHABLE_CODE = YES;
				CLANG_WARN__DUPLICATE_METHOD_MATCH = YES;
				CODE_SIGN_IDENTITY = "iPhone Developer";
				COPY_PHASE_STRIP = NO;
				DEBUG_INFORMATION_FORMAT = dwarf;
				ENABLE_STRICT_OBJC_MSGSEND = YES;
				ENABLE_TESTABILITY = YES;
				GCC_C_LANGUAGE_STANDARD = gnu11;
				GCC_DYNAMIC_NO_PIC = NO;
				GCC_NO_COMMON_BLOCKS = YES;
				GCC_OPTIMIZATION_LEVEL = 0;
				GCC_PREPROCESSOR_DEFINITIONS = (
					"DEBUG=1",
					"$(inherited)",
				);
				GCC_WARN_64_TO_32_BIT_CONVERSION = YES;
				GCC_WARN_ABOUT_RETURN_TYPE = YES_ERROR;
				GCC_WARN_UNDECLARED_SELECTOR = YES;
				GCC_WARN_UNINITIALIZED_AUTOS = YES_AGGRESSIVE;
				GCC_WARN_UNUSED_FUNCTION = YES;
				GCC_WARN_UNUSED_VARIABLE = YES;
				IPHONEOS_DEPLOYMENT_TARGET = 11.2;
				MTL_ENABLE_DEBUG_INFO = YES;
				ONLY_ACTIVE_ARCH = YES;
				SDKROOT = iphoneos;
				SWIFT_ACTIVE_COMPILATION_CONDITIONS = DEBUG;
				SWIFT_OPTIMIZATION_LEVEL = "-Onone";
			};
			name = Debug;
		};
		14F4DEDD20E2B9DC00F23B73 /* Release */ = {
			isa = XCBuildConfiguration;
			buildSettings = {
				ALWAYS_SEARCH_USER_PATHS = NO;
				CLANG_ANALYZER_NONNULL = YES;
				CLANG_ANALYZER_NUMBER_OBJECT_CONVERSION = YES_AGGRESSIVE;
				CLANG_CXX_LANGUAGE_STANDARD = "gnu++14";
				CLANG_CXX_LIBRARY = "libc++";
				CLANG_ENABLE_MODULES = YES;
				CLANG_ENABLE_OBJC_ARC = YES;
				CLANG_WARN_BLOCK_CAPTURE_AUTORELEASING = YES;
				CLANG_WARN_BOOL_CONVERSION = YES;
				CLANG_WARN_COMMA = YES;
				CLANG_WARN_CONSTANT_CONVERSION = YES;
				CLANG_WARN_DIRECT_OBJC_ISA_USAGE = YES_ERROR;
				CLANG_WARN_DOCUMENTATION_COMMENTS = YES;
				CLANG_WARN_EMPTY_BODY = YES;
				CLANG_WARN_ENUM_CONVERSION = YES;
				CLANG_WARN_INFINITE_RECURSION = YES;
				CLANG_WARN_INT_CONVERSION = YES;
				CLANG_WARN_NON_LITERAL_NULL_CONVERSION = YES;
				CLANG_WARN_OBJC_LITERAL_CONVERSION = YES;
				CLANG_WARN_OBJC_ROOT_CLASS = YES_ERROR;
				CLANG_WARN_RANGE_LOOP_ANALYSIS = YES;
				CLANG_WARN_STRICT_PROTOTYPES = YES;
				CLANG_WARN_SUSPICIOUS_MOVE = YES;
				CLANG_WARN_UNGUARDED_AVAILABILITY = YES_AGGRESSIVE;
				CLANG_WARN_UNREACHABLE_CODE = YES;
				CLANG_WARN__DUPLICATE_METHOD_MATCH = YES;
				CODE_SIGN_IDENTITY = "iPhone Developer";
				COPY_PHASE_STRIP = NO;
				DEBUG_INFORMATION_FORMAT = "dwarf-with-dsym";
				ENABLE_NS_ASSERTIONS = NO;
				ENABLE_STRICT_OBJC_MSGSEND = YES;
				GCC_C_LANGUAGE_STANDARD = gnu11;
				GCC_NO_COMMON_BLOCKS = YES;
				GCC_WARN_64_TO_32_BIT_CONVERSION = YES;
				GCC_WARN_ABOUT_RETURN_TYPE = YES_ERROR;
				GCC_WARN_UNDECLARED_SELECTOR = YES;
				GCC_WARN_UNINITIALIZED_AUTOS = YES_AGGRESSIVE;
				GCC_WARN_UNUSED_FUNCTION = YES;
				GCC_WARN_UNUSED_VARIABLE = YES;
				IPHONEOS_DEPLOYMENT_TARGET = 11.2;
				MTL_ENABLE_DEBUG_INFO = NO;
				SDKROOT = iphoneos;
				SWIFT_OPTIMIZATION_LEVEL = "-Owholemodule";
				VALIDATE_PRODUCT = YES;
			};
			name = Release;
		};
		14F4DEDF20E2B9DC00F23B73 /* Debug */ = {
			isa = XCBuildConfiguration;
			baseConfigurationReference = 2EDE49C4970EAB49BFA6CF04 /* Pods-KreativeTest.debug.xcconfig */;
			buildSettings = {
				ASSETCATALOG_COMPILER_APPICON_NAME = AppIcon;
				CODE_SIGN_STYLE = Automatic;
				INFOPLIST_FILE = KreativeTest/Info.plist;
				LD_RUNPATH_SEARCH_PATHS = "$(inherited) @executable_path/Frameworks";
				PRODUCT_BUNDLE_IDENTIFIER = fr.epita.test.KreativeTest;
				PRODUCT_NAME = "$(TARGET_NAME)";
				SWIFT_VERSION = 4.0;
				TARGETED_DEVICE_FAMILY = "1,2";
			};
			name = Debug;
		};
		14F4DEE020E2B9DC00F23B73 /* Release */ = {
			isa = XCBuildConfiguration;
			baseConfigurationReference = 93694AD2CCBBF0864EB082AE /* Pods-KreativeTest.release.xcconfig */;
			buildSettings = {
				ASSETCATALOG_COMPILER_APPICON_NAME = AppIcon;
				CODE_SIGN_STYLE = Automatic;
				INFOPLIST_FILE = KreativeTest/Info.plist;
				LD_RUNPATH_SEARCH_PATHS = "$(inherited) @executable_path/Frameworks";
				PRODUCT_BUNDLE_IDENTIFIER = fr.epita.test.KreativeTest;
				PRODUCT_NAME = "$(TARGET_NAME)";
				SWIFT_VERSION = 4.0;
				TARGETED_DEVICE_FAMILY = "1,2";
			};
			name = Release;
		};
		14F4DEE220E2B9DC00F23B73 /* Debug */ = {
			isa = XCBuildConfiguration;
			buildSettings = {
				ALWAYS_EMBED_SWIFT_STANDARD_LIBRARIES = YES;
				BUNDLE_LOADER = "$(TEST_HOST)";
				CODE_SIGN_STYLE = Automatic;
				INFOPLIST_FILE = KreativeTestTests/Info.plist;
				LD_RUNPATH_SEARCH_PATHS = "$(inherited) @executable_path/Frameworks @loader_path/Frameworks";
				PRODUCT_BUNDLE_IDENTIFIER = fr.epita.test.KreativeTestTests;
				PRODUCT_NAME = "$(TARGET_NAME)";
				SWIFT_VERSION = 4.0;
				TARGETED_DEVICE_FAMILY = "1,2";
				TEST_HOST = "$(BUILT_PRODUCTS_DIR)/KreativeTest.app/KreativeTest";
			};
			name = Debug;
		};
		14F4DEE320E2B9DC00F23B73 /* Release */ = {
			isa = XCBuildConfiguration;
			buildSettings = {
				ALWAYS_EMBED_SWIFT_STANDARD_LIBRARIES = YES;
				BUNDLE_LOADER = "$(TEST_HOST)";
				CODE_SIGN_STYLE = Automatic;
				INFOPLIST_FILE = KreativeTestTests/Info.plist;
				LD_RUNPATH_SEARCH_PATHS = "$(inherited) @executable_path/Frameworks @loader_path/Frameworks";
				PRODUCT_BUNDLE_IDENTIFIER = fr.epita.test.KreativeTestTests;
				PRODUCT_NAME = "$(TARGET_NAME)";
				SWIFT_VERSION = 4.0;
				TARGETED_DEVICE_FAMILY = "1,2";
				TEST_HOST = "$(BUILT_PRODUCTS_DIR)/KreativeTest.app/KreativeTest";
			};
			name = Release;
		};
/* End XCBuildConfiguration section */

/* Begin XCConfigurationList section */
		14F4DEB920E2B9DC00F23B73 /* Build configuration list for PBXProject "KreativeTest" */ = {
			isa = XCConfigurationList;
			buildConfigurations = (
				14F4DEDC20E2B9DC00F23B73 /* Debug */,
				14F4DEDD20E2B9DC00F23B73 /* Release */,
			);
			defaultConfigurationIsVisible = 0;
			defaultConfigurationName = Release;
		};
		14F4DEDE20E2B9DC00F23B73 /* Build configuration list for PBXNativeTarget "KreativeTest" */ = {
			isa = XCConfigurationList;
			buildConfigurations = (
				14F4DEDF20E2B9DC00F23B73 /* Debug */,
				14F4DEE020E2B9DC00F23B73 /* Release */,
			);
			defaultConfigurationIsVisible = 0;
			defaultConfigurationName = Release;
		};
		14F4DEE120E2B9DC00F23B73 /* Build configuration list for PBXNativeTarget "KreativeTestTests" */ = {
			isa = XCConfigurationList;
			buildConfigurations = (
				14F4DEE220E2B9DC00F23B73 /* Debug */,
				14F4DEE320E2B9DC00F23B73 /* Release */,
			);
			defaultConfigurationIsVisible = 0;
			defaultConfigurationName = Release;
		};
/* End XCConfigurationList section */

/* Begin XCVersionGroup section */
		14F4DEC820E2B9DC00F23B73 /* KreativeTest.xcdatamodeld */ = {
			isa = XCVersionGroup;
			children = (
				14F4DEC920E2B9DC00F23B73 /* KreativeTest.xcdatamodel */,
			);
			currentVersion = 14F4DEC920E2B9DC00F23B73 /* KreativeTest.xcdatamodel */;
			path = KreativeTest.xcdatamodeld;
			sourceTree = "<group>";
			versionGroupType = wrapper.xcdatamodel;
		};
/* End XCVersionGroup section */
	};
	rootObject = 14F4DEB620E2B9DC00F23B73 /* Project object */;
}
